// !$*UTF8*$!
{
	archiveVersion = 1;
	classes = {
	};
	objectVersion = 77;
	objects = {

/* Begin PBXBuildFile section */
		"'EDTR00000001HTMLBUILDFILE1'" = {isa = PBXBuildFile; fileRef = EDTR00000002HTMLFILEREF01; };
		"'EDTR00000003JSBUNDLEBLD01'" = {isa = PBXBuildFile; fileRef = EDTR00000004JSBUNDLEREF01; };
		028C3A821E65787E7225B6F7 /* TaskListView.swift in Sources */ = {isa = PBXBuildFile; fileRef = 1826EF68957900D9E01F17B0 /* TaskListView.swift */; };
		050B01269DCF81F7EA25E7E6 /* TaskInspectorView.swift in Sources */ = {isa = PBXBuildFile; fileRef = F5A5BAF20115A6287910164A /* TaskInspectorView.swift */; };
		05CF424BBC124DE82A74E328 /* KnowledgeEntry.swift in Sources */ = {isa = PBXBuildFile; fileRef = 552E4823A884C6643F4ED07A /* KnowledgeEntry.swift */; };
		0B6B496B870E006396979B42 /* SkillFileService.swift in Sources */ = {isa = PBXBuildFile; fileRef = 721E4B04A22A5DEDC0F1F7F9 /* SkillFileService.swift */; };
		0D270293F3D54E7F29B169E0 /* ClaudeService.swift in Sources */ = {isa = PBXBuildFile; fileRef = D1E8AF65F4E530324FE84B2D /* ClaudeService.swift */; };
		0F6DE790355F98D52B88A16E /* Note.swift in Sources */ = {isa = PBXBuildFile; fileRef = 36CF5F5545352A9E8C751ED3 /* Note.swift */; };
		0FF2A86195CF7229784E1974 /* NoteEditorView.swift in Sources */ = {isa = PBXBuildFile; fileRef = 306A8A7284D41C7FA40818BB /* NoteEditorView.swift */; };
		1794973874E25BCBD75720EE /* SharedViews.swift in Sources */ = {isa = PBXBuildFile; fileRef = E3F4FB3354B14BF6E35411D4 /* SharedViews.swift */; };
		193F0023B3928322C69E8830 /* StorageService.swift in Sources */ = {isa = PBXBuildFile; fileRef = A3FCAE699A5E746FA2001B06 /* StorageService.swift */; };
		19A34305825A47C97D018952 /* DataCollectorService.swift in Sources */ = {isa = PBXBuildFile; fileRef = 13904F639FFEC06B1258C024 /* DataCollectorService.swift */; };
		2157513B9C5205D846321D27 /* TaskItem.swift in Sources */ = {isa = PBXBuildFile; fileRef = EE774C4B2C861B287E9C4233 /* TaskItem.swift */; };
		21E14463B9D02E655E5BE43A /* MCPCatalogService.swift in Sources */ = {isa = PBXBuildFile; fileRef = C2DF4C02A1142BB61867A04D /* MCPCatalogService.swift */; };
		21FAB78247AB69A4977BF9B8 /* ToolsHubView.swift in Sources */ = {isa = PBXBuildFile; fileRef = 1981FD26EE6BC702EE2B1280 /* ToolsHubView.swift */; };
		39319B50E10644A2419A3A0A /* TerminalView.swift in Sources */ = {isa = PBXBuildFile; fileRef = F49D6DB09D27EE629FACCADE /* TerminalView.swift */; };
		3938330849162EA8FC6CBB00 /* CommandPaletteView.swift in Sources */ = {isa = PBXBuildFile; fileRef = DB17061789F454A1E30D7A79 /* CommandPaletteView.swift */; };
		426F6E951AA7D85D61A0C92B /* MarkdownRendererView.swift in Sources */ = {isa = PBXBuildFile; fileRef = CB73589E106C5A91025E8318 /* MarkdownRendererView.swift */; };
		42FE832CEA39277DCE502D77 /* SwiftTerm in Frameworks */ = {isa = PBXBuildFile; productRef = E797C8A819CC586D7264F4D3 /* SwiftTerm */; };
		46759052DDC6EA0B155D3B2F /* AIChatView.swift in Sources */ = {isa = PBXBuildFile; fileRef = 8AB59FFDD446C6AEDD797236 /* AIChatView.swift */; };
		484EAB4E6352F976F8488CD4 /* ProjectListView.swift in Sources */ = {isa = PBXBuildFile; fileRef = ECD984C2D8AA7167A72F4992 /* ProjectListView.swift */; };
		4911E32F39D230A3A82B477F /* DeepThinkApp.swift in Sources */ = {isa = PBXBuildFile; fileRef = 8B44CF060104523F7532E43C /* DeepThinkApp.swift */; };
		4A07702CB750BA644FF75839 /* AppState.swift in Sources */ = {isa = PBXBuildFile; fileRef = 385A4FAAC692A38BD53EDF64 /* AppState.swift */; };
		4A43D1155AA1270927CCF924 /* BacklinkService.swift in Sources */ = {isa = PBXBuildFile; fileRef = DBC2A1370697934F16E2AF9D /* BacklinkService.swift */; };
		4F694881A6549DAC4A1B1674 /* AgentFile.swift in Sources */ = {isa = PBXBuildFile; fileRef = A17B4B79A1EDE0DD70E42261 /* AgentFile.swift */; };
		512AFAF30803AD6957E45BA4 /* TaskDetailView.swift in Sources */ = {isa = PBXBuildFile; fileRef = 862B62F3DC17FE15D45C4581 /* TaskDetailView.swift */; };
		54ED41F3A20B7CCE66F030B2 /* CollectorScheduler.swift in Sources */ = {isa = PBXBuildFile; fileRef = 3CF440FB8FE941B3A36FFC5D /* CollectorScheduler.swift */; };
		5CD76ED30916874BA82DA5AB /* CommandPaletteState.swift in Sources */ = {isa = PBXBuildFile; fileRef = 256D9D261FD40BB77EDFE574 /* CommandPaletteState.swift */; };
		6411604BCDA0FF0B68B1EE80 /* KnowledgeGraphView.swift in Sources */ = {isa = PBXBuildFile; fileRef = 7EA735EA8B612913B7083EA8 /* KnowledgeGraphView.swift */; };
		6878433A945F962DBAA71C15 /* AutomationView.swift in Sources */ = {isa = PBXBuildFile; fileRef = F2CC4949930152F6F32A7C10 /* AutomationView.swift */; };
		6D349FF311BC466F3D3C8ED6 /* NoteVersionsView.swift in Sources */ = {isa = PBXBuildFile; fileRef = 743594E1DCCFCB283317BD30 /* NoteVersionsView.swift */; };
		732CF04187FBB3872901D153 /* VersioningService.swift in Sources */ = {isa = PBXBuildFile; fileRef = A3275C61AF584F63DAF20352 /* VersioningService.swift */; };
		75274A244834AFCFD470C59C /* SidebarView.swift in Sources */ = {isa = PBXBuildFile; fileRef = F03342B4E6B4D5436CD2AD64 /* SidebarView.swift */; };
		75325BC5A52A723438738FD2 /* AIView.swift in Sources */ = {isa = PBXBuildFile; fileRef = 5A627AB1ABCA65F8FFD7C7B9 /* AIView.swift */; };
		75E8C6972A518B981E9A637F /* FileTreeView.swift in Sources */ = {isa = PBXBuildFile; fileRef = ED8503AA4A4BAB1663817B95 /* FileTreeView.swift */; };
		7A8E4B214AEA7699D519693F /* DeepSearchView.swift in Sources */ = {isa = PBXBuildFile; fileRef = FAE05F57FDD22C97693A2C23 /* DeepSearchView.swift */; };
		7E4842F7BBE78ACEF82E558C /* KnowledgeService.swift in Sources */ = {isa = PBXBuildFile; fileRef = 1A6346E5A0B7D696BE8E4472 /* KnowledgeService.swift */; };
		84DE4C97928FC7A68536E53F /* KnowledgeBrowserView.swift in Sources */ = {isa = PBXBuildFile; fileRef = BBE04D18AA8435BAAA37F18E /* KnowledgeBrowserView.swift */; };
		8AF9EBDF670E306EA30DA428 /* Tag.swift in Sources */ = {isa = PBXBuildFile; fileRef = 37D86BA082EAA0134C406EC5 /* Tag.swift */; };
		8B94A2A274C1F4D160B9C3FB /* Assets.xcassets in Resources */ = {isa = PBXBuildFile; fileRef = D7A4EF57F552986078971D26 /* Assets.xcassets */; };
		8BBBEEC83A0299ED6C484E3E /* Enums.swift in Sources */ = {isa = PBXBuildFile; fileRef = D6FD6E3C699838F6B6313A2D /* Enums.swift */; };
		9356DECAB0CFE77A9A4D6BF5 /* DesignSystem.swift in Sources */ = {isa = PBXBuildFile; fileRef = 7B6FA21FE6380844C9D014F0 /* DesignSystem.swift */; };
		99AAF612C230A61EE4498BF1 /* NoteListView.swift in Sources */ = {isa = PBXBuildFile; fileRef = 49DACC2342FDEA5CD1242861 /* NoteListView.swift */; };
		9A784ECD89C2D5C3C4CD49E7 /* AgentFileService.swift in Sources */ = {isa = PBXBuildFile; fileRef = ECE64784BBCDD89998C29696 /* AgentFileService.swift */; };
		A5D2EDD3E4BB623620F826F3 /* MarkdownDocView.swift in Sources */ = {isa = PBXBuildFile; fileRef = 75461489EB80060053543DF9 /* MarkdownDocView.swift */; };
		A676C81F265FD7A1038E0A54 /* MCPService.swift in Sources */ = {isa = PBXBuildFile; fileRef = 0600BB6D0E20A8A684ED8D07 /* MCPService.swift */; };
		A6EE9B3FF7DACA255C6D33D1 /* TerminalHostView.swift in Sources */ = {isa = PBXBuildFile; fileRef = F6B41EEC463A03B371966AC1 /* TerminalHostView.swift */; };
		A9367851C0D8E486A9985C78 /* DocsView.swift in Sources */ = {isa = PBXBuildFile; fileRef = 3CAEA60F9F1B6B18A25423FC /* DocsView.swift */; };
		AAEE445AAF5E484C9D04E32C /* RuleFileService.swift in Sources */ = {isa = PBXBuildFile; fileRef = 7BC044229F368D5451B2E407 /* RuleFileService.swift */; };
		B40C93BBE9604F4B5427F9F2 /* Project.swift in Sources */ = {isa = PBXBuildFile; fileRef = 0784749C45091B5719161924 /* Project.swift */; };
		B47B0C5B2114EB20F19D2969 /* ProjectInspectorView.swift in Sources */ = {isa = PBXBuildFile; fileRef = 17993B0BAF774FE82D40DCA1 /* ProjectInspectorView.swift */; };
		B5104FC48507167AF2DE21EA /* SkillFile.swift in Sources */ = {isa = PBXBuildFile; fileRef = 5DCD4621A3FCBC201A701735 /* SkillFile.swift */; };
		B77D4EF2FA56A119F4517698 /* AIMessage.swift in Sources */ = {isa = PBXBuildFile; fileRef = 68C23989015D98E60342D08F /* AIMessage.swift */; };
		B7BC445089E3487D8E783A10 /* AgentListView.swift in Sources */ = {isa = PBXBuildFile; fileRef = 36574381A98A55BB834A5D1A /* AgentListView.swift */; };
		C001000000000001A0000006 /* WorkspaceOverviewView.swift in Sources */ = {isa = PBXBuildFile; fileRef = C001000000000002A0000006 /* WorkspaceOverviewView.swift */; };
		C001000000000001A0000007 /* AllNotesView.swift in Sources */ = {isa = PBXBuildFile; fileRef = C001000000000002A0000007 /* AllNotesView.swift */; };
		C001000000000001A0000008 /* AllTasksView.swift in Sources */ = {isa = PBXBuildFile; fileRef = C001000000000002A0000008 /* AllTasksView.swift */; };
		C001000000000001A0000009 /* IntegrationsView.swift in Sources */ = {isa = PBXBuildFile; fileRef = C001000000000002A0000009 /* IntegrationsView.swift */; };
		CAE54DAC9A38B72D75C35286 /* SkillsRulesView.swift in Sources */ = {isa = PBXBuildFile; fileRef = C0C34F3DAA5539F1BE0BF0BA /* SkillsRulesView.swift */; };
		CCDFAE51E527844637F13A09 /* ProjectDetailView.swift in Sources */ = {isa = PBXBuildFile; fileRef = E6D4DBF219661F83A81948C4 /* ProjectDetailView.swift */; };
		D38B2333F328E296AA5B1722 /* ContentView.swift in Sources */ = {isa = PBXBuildFile; fileRef = 85913E0C3242EC5DDD5A16AC /* ContentView.swift */; };
		D5A59CA9651B9337A12970DD /* MCPServer.swift in Sources */ = {isa = PBXBuildFile; fileRef = 60BAAE89EE8E1949037A2AC7 /* MCPServer.swift */; };
		D6D0841635A4FB2A684639EC /* NoteInspectorView.swift in Sources */ = {isa = PBXBuildFile; fileRef = A892F8CF9A4456973A67EBB1 /* NoteInspectorView.swift */; };
		D72F48B5A132026ACCB9F3AA /* DataSource.swift in Sources */ = {isa = PBXBuildFile; fileRef = 9331476EA0B2F5212587EB5E /* DataSource.swift */; };
		D8907DD1D48E6DBD7D75EB30 /* DeepThinkCLIService.swift in Sources */ = {isa = PBXBuildFile; fileRef = AEA5D22420FB007D78576051 /* DeepThinkCLIService.swift */; };
		DF281343B81BD514360F45C7 /* Constants.swift in Sources */ = {isa = PBXBuildFile; fileRef = 51BFA5828C333E058B73C0C4 /* Constants.swift */; };
		E3A6451D6DCC41DC7A2CF240 /* TerminalSession.swift in Sources */ = {isa = PBXBuildFile; fileRef = DE32127EC258D8F8AD5FE327 /* TerminalSession.swift */; };
		EC533D14ECC430F10582A1C1 /* NoteVersion.swift in Sources */ = {isa = PBXBuildFile; fileRef = 9BBEB102368C76D7041EBA1B /* NoteVersion.swift */; };
		EDDAAA898C3FECF2D63E897E /* Extensions.swift in Sources */ = {isa = PBXBuildFile; fileRef = EE3B3F89EA7F9BAF3FD80471 /* Extensions.swift */; };
		F2BD93CC141816B8F905D8CF /* WorkspaceView.swift in Sources */ = {isa = PBXBuildFile; fileRef = 0504053EE219B17048F459A7 /* WorkspaceView.swift */; };
		F632E15BC4F4D38DB00F7919 /* NoteLink.swift in Sources */ = {isa = PBXBuildFile; fileRef = 537CE926D065F008EC744C10 /* NoteLink.swift */; };
		F698D7CDD7BE6577F5F3C53F /* TaskRowView.swift in Sources */ = {isa = PBXBuildFile; fileRef = 00321B3E3D5116C5303B7C3C /* TaskRowView.swift */; };
		FB3FD7BEF0822312E250DBE0 /* SettingsView.swift in Sources */ = {isa = PBXBuildFile; fileRef = 7C66CC1E57209BBE097F8539 /* SettingsView.swift */; };
		FC1A2B3D4E5F6A7B8C9D0E1F /* ClaudeSettingsView.swift in Sources */ = {isa = PBXBuildFile; fileRef = FC1A2B3D4E5F6A7B8C9D0E10 /* ClaudeSettingsView.swift */; };
/* End PBXBuildFile section */

/* Begin PBXFileReference section */
		"'EDTR00000002HTMLFILEREF01'" = {isa = PBXFileReference; lastKnownFileType = text.html; path = editor.html; sourceTree = "<group>"; };
		"'EDTR00000004JSBUNDLEREF01'" = {isa = PBXFileReference; lastKnownFileType = sourcecode.javascript; path = editor.bundle.js; sourceTree = "<group>"; };
		00321B3E3D5116C5303B7C3C /* TaskRowView.swift */ = {isa = PBXFileReference; lastKnownFileType = sourcecode.swift; path = TaskRowView.swift; sourceTree = "<group>"; };
		0504053EE219B17048F459A7 /* WorkspaceView.swift */ = {isa = PBXFileReference; lastKnownFileType = sourcecode.swift; path = WorkspaceView.swift; sourceTree = "<group>"; };
		0600BB6D0E20A8A684ED8D07 /* MCPService.swift */ = {isa = PBXFileReference; lastKnownFileType = sourcecode.swift; path = MCPService.swift; sourceTree = "<group>"; };
		0784749C45091B5719161924 /* Project.swift */ = {isa = PBXFileReference; lastKnownFileType = sourcecode.swift; path = Project.swift; sourceTree = "<group>"; };
		13904F639FFEC06B1258C024 /* DataCollectorService.swift */ = {isa = PBXFileReference; lastKnownFileType = sourcecode.swift; name = DataCollectorService.swift; path = DeepThink/Services/DataCollectorService.swift; sourceTree = SOURCE_ROOT; };
		17993B0BAF774FE82D40DCA1 /* ProjectInspectorView.swift */ = {isa = PBXFileReference; lastKnownFileType = sourcecode.swift; path = ProjectInspectorView.swift; sourceTree = "<group>"; };
		1826EF68957900D9E01F17B0 /* TaskListView.swift */ = {isa = PBXFileReference; lastKnownFileType = sourcecode.swift; path = TaskListView.swift; sourceTree = "<group>"; };
		1981FD26EE6BC702EE2B1280 /* ToolsHubView.swift */ = {isa = PBXFileReference; lastKnownFileType = sourcecode.swift; path = ToolsHubView.swift; sourceTree = "<group>"; };
		1A6346E5A0B7D696BE8E4472 /* KnowledgeService.swift */ = {isa = PBXFileReference; lastKnownFileType = sourcecode.swift; name = KnowledgeService.swift; path = DeepThink/Services/KnowledgeService.swift; sourceTree = SOURCE_ROOT; };
		256D9D261FD40BB77EDFE574 /* CommandPaletteState.swift */ = {isa = PBXFileReference; lastKnownFileType = sourcecode.swift; path = CommandPaletteState.swift; sourceTree = "<group>"; };
		306A8A7284D41C7FA40818BB /* NoteEditorView.swift */ = {isa = PBXFileReference; lastKnownFileType = sourcecode.swift; path = NoteEditorView.swift; sourceTree = "<group>"; };
		36574381A98A55BB834A5D1A /* AgentListView.swift */ = {isa = PBXFileReference; lastKnownFileType = sourcecode.swift; name = AgentListView.swift; path = DeepThink/Views/Agents/AgentListView.swift; sourceTree = SOURCE_ROOT; };
		36CF5F5545352A9E8C751ED3 /* Note.swift */ = {isa = PBXFileReference; lastKnownFileType = sourcecode.swift; path = Note.swift; sourceTree = "<group>"; };
		37D86BA082EAA0134C406EC5 /* Tag.swift */ = {isa = PBXFileReference; lastKnownFileType = sourcecode.swift; path = Tag.swift; sourceTree = "<group>"; };
		385A4FAAC692A38BD53EDF64 /* AppState.swift */ = {isa = PBXFileReference; lastKnownFileType = sourcecode.swift; path = AppState.swift; sourceTree = "<group>"; };
		3CAEA60F9F1B6B18A25423FC /* DocsView.swift */ = {isa = PBXFileReference; lastKnownFileType = sourcecode.swift; path = DocsView.swift; sourceTree = "<group>"; };
		3CF440FB8FE941B3A36FFC5D /* CollectorScheduler.swift */ = {isa = PBXFileReference; lastKnownFileType = sourcecode.swift; name = CollectorScheduler.swift; path = DeepThink/Services/CollectorScheduler.swift; sourceTree = SOURCE_ROOT; };
		49DACC2342FDEA5CD1242861 /* NoteListView.swift */ = {isa = PBXFileReference; lastKnownFileType = sourcecode.swift; path = NoteListView.swift; sourceTree = "<group>"; };
		4F275DFF4FDCF5E5906CA86E /* DeepThink.app */ = {isa = PBXFileReference; explicitFileType = wrapper.application; includeInIndex = 0; path = DeepThink.app; sourceTree = BUILT_PRODUCTS_DIR; };
		51BFA5828C333E058B73C0C4 /* Constants.swift */ = {isa = PBXFileReference; lastKnownFileType = sourcecode.swift; path = Constants.swift; sourceTree = "<group>"; };
		537CE926D065F008EC744C10 /* NoteLink.swift */ = {isa = PBXFileReference; lastKnownFileType = sourcecode.swift; path = NoteLink.swift; sourceTree = "<group>"; };
		552E4823A884C6643F4ED07A /* KnowledgeEntry.swift */ = {isa = PBXFileReference; lastKnownFileType = sourcecode.swift; name = KnowledgeEntry.swift; path = DeepThink/Models/KnowledgeEntry.swift; sourceTree = SOURCE_ROOT; };
		5A627AB1ABCA65F8FFD7C7B9 /* AIView.swift */ = {isa = PBXFileReference; lastKnownFileType = sourcecode.swift; path = AIView.swift; sourceTree = "<group>"; };
		5DCD4621A3FCBC201A701735 /* SkillFile.swift */ = {isa = PBXFileReference; lastKnownFileType = sourcecode.swift; name = SkillFile.swift; path = DeepThink/Models/SkillFile.swift; sourceTree = SOURCE_ROOT; };
		60BAAE89EE8E1949037A2AC7 /* MCPServer.swift */ = {isa = PBXFileReference; lastKnownFileType = sourcecode.swift; path = MCPServer.swift; sourceTree = "<group>"; };
		68C23989015D98E60342D08F /* AIMessage.swift */ = {isa = PBXFileReference; lastKnownFileType = sourcecode.swift; path = AIMessage.swift; sourceTree = "<group>"; };
		721E4B04A22A5DEDC0F1F7F9 /* SkillFileService.swift */ = {isa = PBXFileReference; lastKnownFileType = sourcecode.swift; name = SkillFileService.swift; path = DeepThink/Services/SkillFileService.swift; sourceTree = SOURCE_ROOT; };
		743594E1DCCFCB283317BD30 /* NoteVersionsView.swift */ = {isa = PBXFileReference; lastKnownFileType = sourcecode.swift; path = NoteVersionsView.swift; sourceTree = "<group>"; };
		75461489EB80060053543DF9 /* MarkdownDocView.swift */ = {isa = PBXFileReference; lastKnownFileType = sourcecode.swift; path = MarkdownDocView.swift; sourceTree = "<group>"; };
		7B6FA21FE6380844C9D014F0 /* DesignSystem.swift */ = {isa = PBXFileReference; lastKnownFileType = sourcecode.swift; path = DesignSystem.swift; sourceTree = "<group>"; };
		7BC044229F368D5451B2E407 /* RuleFileService.swift */ = {isa = PBXFileReference; lastKnownFileType = sourcecode.swift; name = RuleFileService.swift; path = DeepThink/Services/RuleFileService.swift; sourceTree = SOURCE_ROOT; };
		7C66CC1E57209BBE097F8539 /* SettingsView.swift */ = {isa = PBXFileReference; lastKnownFileType = sourcecode.swift; path = SettingsView.swift; sourceTree = "<group>"; };
		7EA735EA8B612913B7083EA8 /* KnowledgeGraphView.swift */ = {isa = PBXFileReference; lastKnownFileType = sourcecode.swift; path = KnowledgeGraphView.swift; sourceTree = "<group>"; };
		85913E0C3242EC5DDD5A16AC /* ContentView.swift */ = {isa = PBXFileReference; lastKnownFileType = sourcecode.swift; path = ContentView.swift; sourceTree = "<group>"; };
		862B62F3DC17FE15D45C4581 /* TaskDetailView.swift */ = {isa = PBXFileReference; lastKnownFileType = sourcecode.swift; path = TaskDetailView.swift; sourceTree = "<group>"; };
		8AB59FFDD446C6AEDD797236 /* AIChatView.swift */ = {isa = PBXFileReference; lastKnownFileType = sourcecode.swift; path = AIChatView.swift; sourceTree = "<group>"; };
		8B44CF060104523F7532E43C /* DeepThinkApp.swift */ = {isa = PBXFileReference; lastKnownFileType = sourcecode.swift; path = DeepThinkApp.swift; sourceTree = "<group>"; };
		910C30AD98D17EE1056C22DE /* DeepThink.entitlements */ = {isa = PBXFileReference; lastKnownFileType = text.plist.entitlements; path = DeepThink.entitlements; sourceTree = "<group>"; };
		9331476EA0B2F5212587EB5E /* DataSource.swift */ = {isa = PBXFileReference; lastKnownFileType = sourcecode.swift; name = DataSource.swift; path = DeepThink/Models/DataSource.swift; sourceTree = SOURCE_ROOT; };
		9BBEB102368C76D7041EBA1B /* NoteVersion.swift */ = {isa = PBXFileReference; lastKnownFileType = sourcecode.swift; path = NoteVersion.swift; sourceTree = "<group>"; };
		A17B4B79A1EDE0DD70E42261 /* AgentFile.swift */ = {isa = PBXFileReference; lastKnownFileType = sourcecode.swift; name = AgentFile.swift; path = DeepThink/Models/AgentFile.swift; sourceTree = SOURCE_ROOT; };
		A3275C61AF584F63DAF20352 /* VersioningService.swift */ = {isa = PBXFileReference; lastKnownFileType = sourcecode.swift; path = VersioningService.swift; sourceTree = "<group>"; };
		A3FCAE699A5E746FA2001B06 /* StorageService.swift */ = {isa = PBXFileReference; lastKnownFileType = sourcecode.swift; path = StorageService.swift; sourceTree = "<group>"; };
		A892F8CF9A4456973A67EBB1 /* NoteInspectorView.swift */ = {isa = PBXFileReference; lastKnownFileType = sourcecode.swift; path = NoteInspectorView.swift; sourceTree = "<group>"; };
		AEA5D22420FB007D78576051 /* DeepThinkCLIService.swift */ = {isa = PBXFileReference; lastKnownFileType = sourcecode.swift; path = DeepThinkCLIService.swift; sourceTree = "<group>"; };
		BBE04D18AA8435BAAA37F18E /* KnowledgeBrowserView.swift */ = {isa = PBXFileReference; lastKnownFileType = sourcecode.swift; name = KnowledgeBrowserView.swift; path = DeepThink/Views/Knowledge/KnowledgeBrowserView.swift; sourceTree = SOURCE_ROOT; };
		C001000000000002A0000006 /* WorkspaceOverviewView.swift */ = {isa = PBXFileReference; lastKnownFileType = sourcecode.swift; path = WorkspaceOverviewView.swift; sourceTree = "<group>"; };
		C001000000000002A0000007 /* AllNotesView.swift */ = {isa = PBXFileReference; lastKnownFileType = sourcecode.swift; path = AllNotesView.swift; sourceTree = "<group>"; };
		C001000000000002A0000008 /* AllTasksView.swift */ = {isa = PBXFileReference; lastKnownFileType = sourcecode.swift; path = AllTasksView.swift; sourceTree = "<group>"; };
		C001000000000002A0000009 /* IntegrationsView.swift */ = {isa = PBXFileReference; lastKnownFileType = sourcecode.swift; path = IntegrationsView.swift; sourceTree = "<group>"; };
		C0C34F3DAA5539F1BE0BF0BA /* SkillsRulesView.swift */ = {isa = PBXFileReference; lastKnownFileType = sourcecode.swift; name = SkillsRulesView.swift; path = DeepThink/Views/SkillsRules/SkillsRulesView.swift; sourceTree = SOURCE_ROOT; };
		C2DF4C02A1142BB61867A04D /* MCPCatalogService.swift */ = {isa = PBXFileReference; lastKnownFileType = sourcecode.swift; name = MCPCatalogService.swift; path = DeepThink/Services/MCPCatalogService.swift; sourceTree = SOURCE_ROOT; };
		CB73589E106C5A91025E8318 /* MarkdownRendererView.swift */ = {isa = PBXFileReference; lastKnownFileType = sourcecode.swift; path = MarkdownRendererView.swift; sourceTree = "<group>"; };
		D1E8AF65F4E530324FE84B2D /* ClaudeService.swift */ = {isa = PBXFileReference; lastKnownFileType = sourcecode.swift; path = ClaudeService.swift; sourceTree = "<group>"; };
		D6FD6E3C699838F6B6313A2D /* Enums.swift */ = {isa = PBXFileReference; lastKnownFileType = sourcecode.swift; path = Enums.swift; sourceTree = "<group>"; };
		D7A4EF57F552986078971D26 /* Assets.xcassets */ = {isa = PBXFileReference; lastKnownFileType = folder.assetcatalog; path = Assets.xcassets; sourceTree = "<group>"; };
		DB17061789F454A1E30D7A79 /* CommandPaletteView.swift */ = {isa = PBXFileReference; lastKnownFileType = sourcecode.swift; path = CommandPaletteView.swift; sourceTree = "<group>"; };
		DBC2A1370697934F16E2AF9D /* BacklinkService.swift */ = {isa = PBXFileReference; lastKnownFileType = sourcecode.swift; path = BacklinkService.swift; sourceTree = "<group>"; };
		DE32127EC258D8F8AD5FE327 /* TerminalSession.swift */ = {isa = PBXFileReference; lastKnownFileType = sourcecode.swift; path = TerminalSession.swift; sourceTree = "<group>"; };
		E3F4FB3354B14BF6E35411D4 /* SharedViews.swift */ = {isa = PBXFileReference; lastKnownFileType = sourcecode.swift; path = SharedViews.swift; sourceTree = "<group>"; };
		E6D4DBF219661F83A81948C4 /* ProjectDetailView.swift */ = {isa = PBXFileReference; lastKnownFileType = sourcecode.swift; path = ProjectDetailView.swift; sourceTree = "<group>"; };
		ECD984C2D8AA7167A72F4992 /* ProjectListView.swift */ = {isa = PBXFileReference; lastKnownFileType = sourcecode.swift; path = ProjectListView.swift; sourceTree = "<group>"; };
		ECE64784BBCDD89998C29696 /* AgentFileService.swift */ = {isa = PBXFileReference; lastKnownFileType = sourcecode.swift; name = AgentFileService.swift; path = DeepThink/Services/AgentFileService.swift; sourceTree = SOURCE_ROOT; };
		ED8503AA4A4BAB1663817B95 /* FileTreeView.swift */ = {isa = PBXFileReference; lastKnownFileType = sourcecode.swift; path = FileTreeView.swift; sourceTree = "<group>"; };
		EE3B3F89EA7F9BAF3FD80471 /* Extensions.swift */ = {isa = PBXFileReference; lastKnownFileType = sourcecode.swift; path = Extensions.swift; sourceTree = "<group>"; };
		EE774C4B2C861B287E9C4233 /* TaskItem.swift */ = {isa = PBXFileReference; lastKnownFileType = sourcecode.swift; path = TaskItem.swift; sourceTree = "<group>"; };
		F03342B4E6B4D5436CD2AD64 /* SidebarView.swift */ = {isa = PBXFileReference; lastKnownFileType = sourcecode.swift; path = SidebarView.swift; sourceTree = "<group>"; };
		F2CC4949930152F6F32A7C10 /* AutomationView.swift */ = {isa = PBXFileReference; lastKnownFileType = sourcecode.swift; name = AutomationView.swift; path = DeepThink/Views/Automation/AutomationView.swift; sourceTree = SOURCE_ROOT; };
		F49D6DB09D27EE629FACCADE /* TerminalView.swift */ = {isa = PBXFileReference; lastKnownFileType = sourcecode.swift; path = TerminalView.swift; sourceTree = "<group>"; };
		F5A5BAF20115A6287910164A /* TaskInspectorView.swift */ = {isa = PBXFileReference; lastKnownFileType = sourcecode.swift; path = TaskInspectorView.swift; sourceTree = "<group>"; };
		F6B41EEC463A03B371966AC1 /* TerminalHostView.swift */ = {isa = PBXFileReference; lastKnownFileType = sourcecode.swift; path = TerminalHostView.swift; sourceTree = "<group>"; };
		FAE05F57FDD22C97693A2C23 /* DeepSearchView.swift */ = {isa = PBXFileReference; lastKnownFileType = sourcecode.swift; path = DeepSearchView.swift; sourceTree = "<group>"; };
		FC1A2B3D4E5F6A7B8C9D0E10 /* ClaudeSettingsView.swift */ = {isa = PBXFileReference; lastKnownFileType = sourcecode.swift; path = ClaudeSettingsView.swift; sourceTree = "<group>"; };
/* End PBXFileReference section */

/* Begin PBXFrameworksBuildPhase section */
		58E91D81C7D7F334C4633289 /* Frameworks */ = {
			isa = PBXFrameworksBuildPhase;
			buildActionMask = 2147483647;
			files = (
				42FE832CEA39277DCE502D77 /* SwiftTerm in Frameworks */,
			);
			runOnlyForDeploymentPostprocessing = 0;
		};
/* End PBXFrameworksBuildPhase section */

/* Begin PBXGroup section */
		0780B2FF8C54ED5CD3BA2E12 /* Utilities */ = {
			isa = PBXGroup;
			children = (
				51BFA5828C333E058B73C0C4 /* Constants.swift */,
				EE3B3F89EA7F9BAF3FD80471 /* Extensions.swift */,
			);
			path = Utilities;
			sourceTree = "<group>";
		};
		0DA13E31242007EA05FF001C /* KnowledgeGraph */ = {
			isa = PBXGroup;
			children = (
				7EA735EA8B612913B7083EA8 /* KnowledgeGraphView.swift */,
			);
			path = KnowledgeGraph;
			sourceTree = "<group>";
		};
		1BA81BAC29A12D7C192F68A3 /* Terminal */ = {
			isa = PBXGroup;
			children = (
				F6B41EEC463A03B371966AC1 /* TerminalHostView.swift */,
				DE32127EC258D8F8AD5FE327 /* TerminalSession.swift */,
				F49D6DB09D27EE629FACCADE /* TerminalView.swift */,
			);
			path = Terminal;
			sourceTree = "<group>";
		};
		2088F4B765493D390CDCD8DF /* Analysis */ = {
			isa = PBXGroup;
			children = (
			);
			path = Analysis;
			sourceTree = "<group>";
		};
		25E962E33F99CAB988BD7F17 /* DeepSearch */ = {
			isa = PBXGroup;
			children = (
				FAE05F57FDD22C97693A2C23 /* DeepSearchView.swift */,
			);
			path = DeepSearch;
			sourceTree = "<group>";
		};
		2C7A5F3FCD9B491B374FEB75 /* DeepThink */ = {
			isa = PBXGroup;
			children = (
				910C30AD98D17EE1056C22DE /* DeepThink.entitlements */,
				8B44CF060104523F7532E43C /* DeepThinkApp.swift */,
				B51AA3BAC1ABAA3414A687C6 /* Models */,
				6FD9C3393140DC6D26AA4CCE /* Resources */,
				4826115129246EC45C2069F7 /* Services */,
				EF8B0F25E234AF376EE3CB19 /* State */,
				0780B2FF8C54ED5CD3BA2E12 /* Utilities */,
				6372EA5B33DC5CA902A14153 /* Views */,
			);
			path = DeepThink;
			sourceTree = "<group>";
		};
		2F91C831D6D3D39A6C0642DD /* Sidebar */ = {
			isa = PBXGroup;
			children = (
				F03342B4E6B4D5436CD2AD64 /* SidebarView.swift */,
			);
			path = Sidebar;
			sourceTree = "<group>";
		};
		3383D49911C149471BFB1F97 /* Workspace */ = {
			isa = PBXGroup;
			children = (
				0504053EE219B17048F459A7 /* WorkspaceView.swift */,
				C001000000000002A0000006 /* WorkspaceOverviewView.swift */,
				C001000000000002A0000007 /* AllNotesView.swift */,
				C001000000000002A0000008 /* AllTasksView.swift */,
			);
			path = Workspace;
			sourceTree = "<group>";
		};
		37D6F61E431B23DFB9DAB870 /* Settings */ = {
			isa = PBXGroup;
			children = (
				FC1A2B3D4E5F6A7B8C9D0E10 /* ClaudeSettingsView.swift */,
				7C66CC1E57209BBE097F8539 /* SettingsView.swift */,
				C001000000000002A0000009 /* IntegrationsView.swift */,
			);
			path = Settings;
			sourceTree = "<group>";
		};
		4826115129246EC45C2069F7 /* Services */ = {
			isa = PBXGroup;
			children = (
				DBC2A1370697934F16E2AF9D /* BacklinkService.swift */,
				D1E8AF65F4E530324FE84B2D /* ClaudeService.swift */,
				AEA5D22420FB007D78576051 /* DeepThinkCLIService.swift */,
				0600BB6D0E20A8A684ED8D07 /* MCPService.swift */,
				A3FCAE699A5E746FA2001B06 /* StorageService.swift */,
				A3275C61AF584F63DAF20352 /* VersioningService.swift */,
			);
			path = Services;
			sourceTree = "<group>";
		};
		6372EA5B33DC5CA902A14153 /* Views */ = {
			isa = PBXGroup;
			children = (
				85913E0C3242EC5DDD5A16AC /* ContentView.swift */,
				BF44C7D40BE76179DAFE4AB1 /* AI */,
				2088F4B765493D390CDCD8DF /* Analysis */,
				EF7FA233F182B3FCB79197F0 /* CommandPalette */,
				8E81F1B5F7CED5AEB54788C6 /* Context */,
				25E962E33F99CAB988BD7F17 /* DeepSearch */,
				9C567DD7169A411E9B316110 /* Docs */,
				0DA13E31242007EA05FF001C /* KnowledgeGraph */,
				DDE22AF49B4033B502635C61 /* Memory */,
				BB62AE060EB91288CD0D701B /* Notes */,
				FDB9C1E02F37E60DFFB43F0E /* Projects */,
				74CF91164E90A0D8B52642BF /* Search */,
				37D6F61E431B23DFB9DAB870 /* Settings */,
				AE3C4AB48A9AE3413110EAA7 /* Shared */,
				2F91C831D6D3D39A6C0642DD /* Sidebar */,
				B54754BBF8A0E142C2A5F636 /* Tags */,
				CABD7B97A12FD64ED1348A1F /* Tasks */,
				1BA81BAC29A12D7C192F68A3 /* Terminal */,
				CA51CB06B30F2D1727A7E3AC /* Tools */,
				3383D49911C149471BFB1F97 /* Workspace */,
			);
			path = Views;
			sourceTree = "<group>";
		};
		6FD9C3393140DC6D26AA4CCE /* Resources */ = {
			isa = PBXGroup;
			children = (
				D7A4EF57F552986078971D26 /* Assets.xcassets */,
				EDTR00000002HTMLFILEREF01,
				EDTR00000004JSBUNDLEREF01,
			);
			path = Resources;
			sourceTree = "<group>";
		};
		74CF91164E90A0D8B52642BF /* Search */ = {
			isa = PBXGroup;
			children = (
			);
			path = Search;
			sourceTree = "<group>";
		};
		8E81F1B5F7CED5AEB54788C6 /* Context */ = {
			isa = PBXGroup;
			children = (
			);
			path = Context;
			sourceTree = "<group>";
		};
		924A03EB41FE78F4C4C70EB7 /* Products */ = {
			isa = PBXGroup;
			children = (
				4F275DFF4FDCF5E5906CA86E /* DeepThink.app */,
			);
			name = Products;
			sourceTree = "<group>";
		};
		9C567DD7169A411E9B316110 /* Docs */ = {
			isa = PBXGroup;
			children = (
				3CAEA60F9F1B6B18A25423FC /* DocsView.swift */,
				ED8503AA4A4BAB1663817B95 /* FileTreeView.swift */,
				75461489EB80060053543DF9 /* MarkdownDocView.swift */,
			);
			path = Docs;
			sourceTree = "<group>";
		};
		AE3C4AB48A9AE3413110EAA7 /* Shared */ = {
			isa = PBXGroup;
			children = (
				8AB59FFDD446C6AEDD797236 /* AIChatView.swift */,
				7B6FA21FE6380844C9D014F0 /* DesignSystem.swift */,
				CB73589E106C5A91025E8318 /* MarkdownRendererView.swift */,
				E3F4FB3354B14BF6E35411D4 /* SharedViews.swift */,
			);
			path = Shared;
			sourceTree = "<group>";
		};
		B11A315C4C0F2E7FDB898E5B = {
			isa = PBXGroup;
			children = (
				2C7A5F3FCD9B491B374FEB75 /* DeepThink */,
				924A03EB41FE78F4C4C70EB7 /* Products */,
				F2CC4949930152F6F32A7C10 /* AutomationView.swift */,
				9331476EA0B2F5212587EB5E /* DataSource.swift */,
				552E4823A884C6643F4ED07A /* KnowledgeEntry.swift */,
				5DCD4621A3FCBC201A701735 /* SkillFile.swift */,
				1A6346E5A0B7D696BE8E4472 /* KnowledgeService.swift */,
				721E4B04A22A5DEDC0F1F7F9 /* SkillFileService.swift */,
				7BC044229F368D5451B2E407 /* RuleFileService.swift */,
				13904F639FFEC06B1258C024 /* DataCollectorService.swift */,
				BBE04D18AA8435BAAA37F18E /* KnowledgeBrowserView.swift */,
				C0C34F3DAA5539F1BE0BF0BA /* SkillsRulesView.swift */,
				A17B4B79A1EDE0DD70E42261 /* AgentFile.swift */,
				ECE64784BBCDD89998C29696 /* AgentFileService.swift */,
				36574381A98A55BB834A5D1A /* AgentListView.swift */,
				C2DF4C02A1142BB61867A04D /* MCPCatalogService.swift */,
				3CF440FB8FE941B3A36FFC5D /* CollectorScheduler.swift */,
			);
			sourceTree = "<group>";
		};
		B51AA3BAC1ABAA3414A687C6 /* Models */ = {
			isa = PBXGroup;
			children = (
				68C23989015D98E60342D08F /* AIMessage.swift */,
				D6FD6E3C699838F6B6313A2D /* Enums.swift */,
				60BAAE89EE8E1949037A2AC7 /* MCPServer.swift */,
				36CF5F5545352A9E8C751ED3 /* Note.swift */,
				537CE926D065F008EC744C10 /* NoteLink.swift */,
				9BBEB102368C76D7041EBA1B /* NoteVersion.swift */,
				0784749C45091B5719161924 /* Project.swift */,
				37D86BA082EAA0134C406EC5 /* Tag.swift */,
				EE774C4B2C861B287E9C4233 /* TaskItem.swift */,
			);
			path = Models;
			sourceTree = "<group>";
		};
		B54754BBF8A0E142C2A5F636 /* Tags */ = {
			isa = PBXGroup;
			children = (
			);
			path = Tags;
			sourceTree = "<group>";
		};
		BB62AE060EB91288CD0D701B /* Notes */ = {
			isa = PBXGroup;
			children = (
				306A8A7284D41C7FA40818BB /* NoteEditorView.swift */,
				A892F8CF9A4456973A67EBB1 /* NoteInspectorView.swift */,
				49DACC2342FDEA5CD1242861 /* NoteListView.swift */,
				743594E1DCCFCB283317BD30 /* NoteVersionsView.swift */,
			);
			path = Notes;
			sourceTree = "<group>";
		};
		BF44C7D40BE76179DAFE4AB1 /* AI */ = {
			isa = PBXGroup;
			children = (
				5A627AB1ABCA65F8FFD7C7B9 /* AIView.swift */,
			);
			path = AI;
			sourceTree = "<group>";
		};
		CA51CB06B30F2D1727A7E3AC /* Tools */ = {
			isa = PBXGroup;
			children = (
				1981FD26EE6BC702EE2B1280 /* ToolsHubView.swift */,
			);
			path = Tools;
			sourceTree = "<group>";
		};
		CABD7B97A12FD64ED1348A1F /* Tasks */ = {
			isa = PBXGroup;
			children = (
				862B62F3DC17FE15D45C4581 /* TaskDetailView.swift */,
				F5A5BAF20115A6287910164A /* TaskInspectorView.swift */,
				1826EF68957900D9E01F17B0 /* TaskListView.swift */,
				00321B3E3D5116C5303B7C3C /* TaskRowView.swift */,
			);
			path = Tasks;
			sourceTree = "<group>";
		};
		DDE22AF49B4033B502635C61 /* Memory */ = {
			isa = PBXGroup;
			children = (
			);
			path = Memory;
			sourceTree = "<group>";
		};
		EF7FA233F182B3FCB79197F0 /* CommandPalette */ = {
			isa = PBXGroup;
			children = (
				DB17061789F454A1E30D7A79 /* CommandPaletteView.swift */,
			);
			path = CommandPalette;
			sourceTree = "<group>";
		};
		EF8B0F25E234AF376EE3CB19 /* State */ = {
			isa = PBXGroup;
			children = (
				385A4FAAC692A38BD53EDF64 /* AppState.swift */,
				256D9D261FD40BB77EDFE574 /* CommandPaletteState.swift */,
			);
			path = State;
			sourceTree = "<group>";
		};
		FDB9C1E02F37E60DFFB43F0E /* Projects */ = {
			isa = PBXGroup;
			children = (
				E6D4DBF219661F83A81948C4 /* ProjectDetailView.swift */,
				17993B0BAF774FE82D40DCA1 /* ProjectInspectorView.swift */,
				ECD984C2D8AA7167A72F4992 /* ProjectListView.swift */,
			);
			path = Projects;
			sourceTree = "<group>";
		};
/* End PBXGroup section */

/* Begin PBXNativeTarget section */
		B93FE738C0AFC35684D5564C /* DeepThink */ = {
			isa = PBXNativeTarget;
			buildConfigurationList = B73DB4CB8361BBC4E3C34317 /* Build configuration list for PBXNativeTarget "DeepThink" */;
			buildPhases = (
				E1825AB35B3DDFC4070B6608 /* Sources */,
				CD13D98D019FD490C269C701 /* Bundle DeepThink CLI */,
				CF65469B342A17C6476DCF45 /* Resources */,
				58E91D81C7D7F334C4633289 /* Frameworks */,
			);
			buildRules = (
			);
			dependencies = (
			);
			name = DeepThink;
			packageProductDependencies = (
				E797C8A819CC586D7264F4D3 /* SwiftTerm */,
			);
			productName = DeepThink;
			productReference = 4F275DFF4FDCF5E5906CA86E /* DeepThink.app */;
			productType = "com.apple.product-type.application";
		};
/* End PBXNativeTarget section */

/* Begin PBXProject section */
		39413B08173CCB346D6A26E6 /* Project object */ = {
			isa = PBXProject;
			attributes = {
				BuildIndependentTargetsInParallel = YES;
				LastUpgradeCheck = 1600;
				TargetAttributes = {
				};
			};
			buildConfigurationList = C853555BF174E3E2FADDB265 /* Build configuration list for PBXProject "DeepThink" */;
			developmentRegion = en;
			hasScannedForEncodings = 0;
			knownRegions = (
				Base,
				en,
			);
			mainGroup = B11A315C4C0F2E7FDB898E5B;
			minimizedProjectReferenceProxies = 1;
			packageReferences = (
				D9E28DE62413648E94F70DE7 /* XCRemoteSwiftPackageReference "SwiftTerm" */,
			);
			preferredProjectObjectVersion = 77;
			productRefGroup = 924A03EB41FE78F4C4C70EB7 /* Products */;
			projectDirPath = "";
			projectRoot = "";
			targets = (
				B93FE738C0AFC35684D5564C /* DeepThink */,
			);
		};
/* End PBXProject section */

/* Begin PBXResourcesBuildPhase section */
		CF65469B342A17C6476DCF45 /* Resources */ = {
			isa = PBXResourcesBuildPhase;
			buildActionMask = 2147483647;
			files = (
				8B94A2A274C1F4D160B9C3FB /* Assets.xcassets in Resources */,
				EDTR00000001HTMLBUILDFILE1,
				EDTR00000003JSBUNDLEBLD01,
			);
			runOnlyForDeploymentPostprocessing = 0;
		};
/* End PBXResourcesBuildPhase section */

/* Begin PBXShellScriptBuildPhase section */
		CD13D98D019FD490C269C701 /* Bundle DeepThink CLI */ = {
			isa = PBXShellScriptBuildPhase;
			buildActionMask = 2147483647;
			files = (
			);
			inputFileListPaths = (
			);
			inputPaths = (
			);
			name = "Bundle DeepThink CLI";
			outputFileListPaths = (
			);
			outputPaths = (
			);
			runOnlyForDeploymentPostprocessing = 0;
			shellPath = /bin/sh;
			shellScript = "RESOURCES=\"${BUILT_PRODUCTS_DIR}/${UNLOCALIZED_RESOURCES_FOLDER_PATH}\"\nmkdir -p \"${RESOURCES}\"\n\n# CLI binary\nif [ -f \"${SRCROOT}/cli/out/deepthink\" ]; then\n  cp \"${SRCROOT}/cli/out/deepthink\" \"${RESOURCES}/deepthink-cli\"\nelif [ -f \"${SRCROOT}/cli/deepthink\" ]; then\n  cp \"${SRCROOT}/cli/deepthink\" \"${RESOURCES}/deepthink-cli\"\nfi\n\n# MCP server binary\nif [ -f \"${SRCROOT}/cli/out/deepthink-mcp\" ]; then\n  cp \"${SRCROOT}/cli/out/deepthink-mcp\" \"${RESOURCES}/deepthink-mcp\"\nfi\n";
		};
/* End PBXShellScriptBuildPhase section */

/* Begin PBXSourcesBuildPhase section */
		E1825AB35B3DDFC4070B6608 /* Sources */ = {
			isa = PBXSourcesBuildPhase;
			buildActionMask = 2147483647;
			files = (
				46759052DDC6EA0B155D3B2F /* AIChatView.swift in Sources */,
				B77D4EF2FA56A119F4517698 /* AIMessage.swift in Sources */,
				75325BC5A52A723438738FD2 /* AIView.swift in Sources */,
				4A07702CB750BA644FF75839 /* AppState.swift in Sources */,
				4A43D1155AA1270927CCF924 /* BacklinkService.swift in Sources */,
				0D270293F3D54E7F29B169E0 /* ClaudeService.swift in Sources */,
				5CD76ED30916874BA82DA5AB /* CommandPaletteState.swift in Sources */,
				3938330849162EA8FC6CBB00 /* CommandPaletteView.swift in Sources */,
				DF281343B81BD514360F45C7 /* Constants.swift in Sources */,
				D38B2333F328E296AA5B1722 /* ContentView.swift in Sources */,
				7A8E4B214AEA7699D519693F /* DeepSearchView.swift in Sources */,
				4911E32F39D230A3A82B477F /* DeepThinkApp.swift in Sources */,
				D8907DD1D48E6DBD7D75EB30 /* DeepThinkCLIService.swift in Sources */,
				9356DECAB0CFE77A9A4D6BF5 /* DesignSystem.swift in Sources */,
				A9367851C0D8E486A9985C78 /* DocsView.swift in Sources */,
				8BBBEEC83A0299ED6C484E3E /* Enums.swift in Sources */,
				EDDAAA898C3FECF2D63E897E /* Extensions.swift in Sources */,
				75E8C6972A518B981E9A637F /* FileTreeView.swift in Sources */,
				6411604BCDA0FF0B68B1EE80 /* KnowledgeGraphView.swift in Sources */,
				D5A59CA9651B9337A12970DD /* MCPServer.swift in Sources */,
				A676C81F265FD7A1038E0A54 /* MCPService.swift in Sources */,
				A5D2EDD3E4BB623620F826F3 /* MarkdownDocView.swift in Sources */,
				426F6E951AA7D85D61A0C92B /* MarkdownRendererView.swift in Sources */,
				0F6DE790355F98D52B88A16E /* Note.swift in Sources */,
				0FF2A86195CF7229784E1974 /* NoteEditorView.swift in Sources */,
				D6D0841635A4FB2A684639EC /* NoteInspectorView.swift in Sources */,
				F632E15BC4F4D38DB00F7919 /* NoteLink.swift in Sources */,
				99AAF612C230A61EE4498BF1 /* NoteListView.swift in Sources */,
				EC533D14ECC430F10582A1C1 /* NoteVersion.swift in Sources */,
				6D349FF311BC466F3D3C8ED6 /* NoteVersionsView.swift in Sources */,
				B40C93BBE9604F4B5427F9F2 /* Project.swift in Sources */,
				CCDFAE51E527844637F13A09 /* ProjectDetailView.swift in Sources */,
				B47B0C5B2114EB20F19D2969 /* ProjectInspectorView.swift in Sources */,
				484EAB4E6352F976F8488CD4 /* ProjectListView.swift in Sources */,
				FC1A2B3D4E5F6A7B8C9D0E1F /* ClaudeSettingsView.swift in Sources */,
				FB3FD7BEF0822312E250DBE0 /* SettingsView.swift in Sources */,
				1794973874E25BCBD75720EE /* SharedViews.swift in Sources */,
				75274A244834AFCFD470C59C /* SidebarView.swift in Sources */,
				193F0023B3928322C69E8830 /* StorageService.swift in Sources */,
				8AF9EBDF670E306EA30DA428 /* Tag.swift in Sources */,
				512AFAF30803AD6957E45BA4 /* TaskDetailView.swift in Sources */,
				050B01269DCF81F7EA25E7E6 /* TaskInspectorView.swift in Sources */,
				2157513B9C5205D846321D27 /* TaskItem.swift in Sources */,
				028C3A821E65787E7225B6F7 /* TaskListView.swift in Sources */,
				F698D7CDD7BE6577F5F3C53F /* TaskRowView.swift in Sources */,
				A6EE9B3FF7DACA255C6D33D1 /* TerminalHostView.swift in Sources */,
				E3A6451D6DCC41DC7A2CF240 /* TerminalSession.swift in Sources */,
				39319B50E10644A2419A3A0A /* TerminalView.swift in Sources */,
				21FAB78247AB69A4977BF9B8 /* ToolsHubView.swift in Sources */,
				732CF04187FBB3872901D153 /* VersioningService.swift in Sources */,
				F2BD93CC141816B8F905D8CF /* WorkspaceView.swift in Sources */,
				C001000000000001A0000006 /* WorkspaceOverviewView.swift in Sources */,
				C001000000000001A0000007 /* AllNotesView.swift in Sources */,
				C001000000000001A0000008 /* AllTasksView.swift in Sources */,
				C001000000000001A0000009 /* IntegrationsView.swift in Sources */,
				6878433A945F962DBAA71C15 /* AutomationView.swift in Sources */,
				D72F48B5A132026ACCB9F3AA /* DataSource.swift in Sources */,
				05CF424BBC124DE82A74E328 /* KnowledgeEntry.swift in Sources */,
				B5104FC48507167AF2DE21EA /* SkillFile.swift in Sources */,
				7E4842F7BBE78ACEF82E558C /* KnowledgeService.swift in Sources */,
				0B6B496B870E006396979B42 /* SkillFileService.swift in Sources */,
				AAEE445AAF5E484C9D04E32C /* RuleFileService.swift in Sources */,
				19A34305825A47C97D018952 /* DataCollectorService.swift in Sources */,
				84DE4C97928FC7A68536E53F /* KnowledgeBrowserView.swift in Sources */,
				CAE54DAC9A38B72D75C35286 /* SkillsRulesView.swift in Sources */,
				4F694881A6549DAC4A1B1674 /* AgentFile.swift in Sources */,
				9A784ECD89C2D5C3C4CD49E7 /* AgentFileService.swift in Sources */,
				B7BC445089E3487D8E783A10 /* AgentListView.swift in Sources */,
				21E14463B9D02E655E5BE43A /* MCPCatalogService.swift in Sources */,
				54ED41F3A20B7CCE66F030B2 /* CollectorScheduler.swift in Sources */,
			);
			runOnlyForDeploymentPostprocessing = 0;
		};
/* End PBXSourcesBuildPhase section */

/* Begin XCBuildConfiguration section */
		03522020A68F3B2F61E67589 /* Release */ = {
			isa = XCBuildConfiguration;
			buildSettings = {
				ALWAYS_SEARCH_USER_PATHS = NO;
				CLANG_ANALYZER_NONNULL = YES;
				CLANG_ANALYZER_NUMBER_OBJECT_CONVERSION = YES_AGGRESSIVE;
				CLANG_CXX_LANGUAGE_STANDARD = "gnu++14";
				CLANG_CXX_LIBRARY = "libc++";
				CLANG_ENABLE_MODULES = YES;
				CLANG_ENABLE_OBJC_ARC = YES;
				CLANG_ENABLE_OBJC_WEAK = YES;
				CLANG_WARN_BLOCK_CAPTURE_AUTORELEASING = YES;
				CLANG_WARN_BOOL_CONVERSION = YES;
				CLANG_WARN_COMMA = YES;
				CLANG_WARN_CONSTANT_CONVERSION = YES;
				CLANG_WARN_DEPRECATED_OBJC_IMPLEMENTATIONS = YES;
				CLANG_WARN_DIRECT_OBJC_ISA_USAGE = YES_ERROR;
				CLANG_WARN_DOCUMENTATION_COMMENTS = YES;
				CLANG_WARN_EMPTY_BODY = YES;
				CLANG_WARN_ENUM_CONVERSION = YES;
				CLANG_WARN_INFINITE_RECURSION = YES;
				CLANG_WARN_INT_CONVERSION = YES;
				CLANG_WARN_NON_LITERAL_NULL_CONVERSION = YES;
				CLANG_WARN_OBJC_IMPLICIT_RETAIN_SELF = YES;
				CLANG_WARN_OBJC_LITERAL_CONVERSION = YES;
				CLANG_WARN_OBJC_ROOT_CLASS = YES_ERROR;
				CLANG_WARN_QUOTED_INCLUDE_IN_FRAMEWORK_HEADER = YES;
				CLANG_WARN_RANGE_LOOP_ANALYSIS = YES;
				CLANG_WARN_STRICT_PROTOTYPES = YES;
				CLANG_WARN_SUSPICIOUS_MOVE = YES;
				CLANG_WARN_UNGUARDED_AVAILABILITY = YES_AGGRESSIVE;
				CLANG_WARN_UNREACHABLE_CODE = YES;
				CLANG_WARN__DUPLICATE_METHOD_MATCH = YES;
				COPY_PHASE_STRIP = NO;
				DEBUG_INFORMATION_FORMAT = "dwarf-with-dsym";
				ENABLE_NS_ASSERTIONS = NO;
				ENABLE_STRICT_OBJC_MSGSEND = YES;
				GCC_C_LANGUAGE_STANDARD = gnu11;
				GCC_NO_COMMON_BLOCKS = YES;
				GCC_WARN_64_TO_32_BIT_CONVERSION = YES;
				GCC_WARN_ABOUT_RETURN_TYPE = YES_ERROR;
				GCC_WARN_UNDECLARED_SELECTOR = YES;
				GCC_WARN_UNINITIALIZED_AUTOS = YES_AGGRESSIVE;
				GCC_WARN_UNUSED_FUNCTION = YES;
				GCC_WARN_UNUSED_VARIABLE = YES;
				MACOSX_DEPLOYMENT_TARGET = 14.0;
				MTL_ENABLE_DEBUG_INFO = NO;
				MTL_FAST_MATH = YES;
				PRODUCT_NAME = "$(TARGET_NAME)";
				SDKROOT = macosx;
				SWIFT_COMPILATION_MODE = wholemodule;
				SWIFT_OPTIMIZATION_LEVEL = "-O";
				SWIFT_VERSION = 5.9;
			};
			name = Release;
		};
		53696A80F8A2AD62899B9243 /* Debug */ = {
			isa = XCBuildConfiguration;
			buildSettings = {
				ALWAYS_SEARCH_USER_PATHS = NO;
				CLANG_ANALYZER_NONNULL = YES;
				CLANG_ANALYZER_NUMBER_OBJECT_CONVERSION = YES_AGGRESSIVE;
				CLANG_CXX_LANGUAGE_STANDARD = "gnu++14";
				CLANG_CXX_LIBRARY = "libc++";
				CLANG_ENABLE_MODULES = YES;
				CLANG_ENABLE_OBJC_ARC = YES;
				CLANG_ENABLE_OBJC_WEAK = YES;
				CLANG_WARN_BLOCK_CAPTURE_AUTORELEASING = YES;
				CLANG_WARN_BOOL_CONVERSION = YES;
				CLANG_WARN_COMMA = YES;
				CLANG_WARN_CONSTANT_CONVERSION = YES;
				CLANG_WARN_DEPRECATED_OBJC_IMPLEMENTATIONS = YES;
				CLANG_WARN_DIRECT_OBJC_ISA_USAGE = YES_ERROR;
				CLANG_WARN_DOCUMENTATION_COMMENTS = YES;
				CLANG_WARN_EMPTY_BODY = YES;
				CLANG_WARN_ENUM_CONVERSION = YES;
				CLANG_WARN_INFINITE_RECURSION = YES;
				CLANG_WARN_INT_CONVERSION = YES;
				CLANG_WARN_NON_LITERAL_NULL_CONVERSION = YES;
				CLANG_WARN_OBJC_IMPLICIT_RETAIN_SELF = YES;
				CLANG_WARN_OBJC_LITERAL_CONVERSION = YES;
				CLANG_WARN_OBJC_ROOT_CLASS = YES_ERROR;
				CLANG_WARN_QUOTED_INCLUDE_IN_FRAMEWORK_HEADER = YES;
				CLANG_WARN_RANGE_LOOP_ANALYSIS = YES;
				CLANG_WARN_STRICT_PROTOTYPES = YES;
				CLANG_WARN_SUSPICIOUS_MOVE = YES;
				CLANG_WARN_UNGUARDED_AVAILABILITY = YES_AGGRESSIVE;
				CLANG_WARN_UNREACHABLE_CODE = YES;
				CLANG_WARN__DUPLICATE_METHOD_MATCH = YES;
				COPY_PHASE_STRIP = NO;
				DEBUG_INFORMATION_FORMAT = dwarf;
				ENABLE_STRICT_OBJC_MSGSEND = YES;
				ENABLE_TESTABILITY = YES;
				GCC_C_LANGUAGE_STANDARD = gnu11;
				GCC_DYNAMIC_NO_PIC = NO;
				GCC_NO_COMMON_BLOCKS = YES;
				GCC_OPTIMIZATION_LEVEL = 0;
				GCC_PREPROCESSOR_DEFINITIONS = (
					"$(inherited)",
					"DEBUG=1",
				);
				GCC_WARN_64_TO_32_BIT_CONVERSION = YES;
				GCC_WARN_ABOUT_RETURN_TYPE = YES_ERROR;
				GCC_WARN_UNDECLARED_SELECTOR = YES;
				GCC_WARN_UNINITIALIZED_AUTOS = YES_AGGRESSIVE;
				GCC_WARN_UNUSED_FUNCTION = YES;
				GCC_WARN_UNUSED_VARIABLE = YES;
				MACOSX_DEPLOYMENT_TARGET = 14.0;
				MTL_ENABLE_DEBUG_INFO = INCLUDE_SOURCE;
				MTL_FAST_MATH = YES;
				ONLY_ACTIVE_ARCH = YES;
				PRODUCT_NAME = "$(TARGET_NAME)";
				SDKROOT = macosx;
				SWIFT_ACTIVE_COMPILATION_CONDITIONS = DEBUG;
				SWIFT_OPTIMIZATION_LEVEL = "-Onone";
				SWIFT_VERSION = 5.9;
			};
			name = Debug;
		};
		7226E3BF978014EBC298F288 /* Debug */ = {
			isa = XCBuildConfiguration;
			buildSettings = {
				ASSETCATALOG_COMPILER_APPICON_NAME = AppIcon;
				CODE_SIGN_ENTITLEMENTS = DeepThink/DeepThink.entitlements;
				COMBINE_HIDPI_IMAGES = YES;
				CURRENT_PROJECT_VERSION = 1;
				ENABLE_PREVIEWS = YES;
				GENERATE_INFOPLIST_FILE = YES;
				INFOPLIST_GENERATION_MODE = GeneratedByXcode;
				LD_RUNPATH_SEARCH_PATHS = (
					"$(inherited)",
					"@executable_path/../Frameworks",
				);
				MARKETING_VERSION = 1.0.0;
				PRODUCT_BUNDLE_IDENTIFIER = com.deepthink.app;
				PRODUCT_NAME = DeepThink;
				SDKROOT = macosx;
				SWIFT_EMIT_LOC_STRINGS = YES;
			};
			name = Debug;
		};
		CBA705574E845A0482DC9F38 /* Release */ = {
			isa = XCBuildConfiguration;
			buildSettings = {
				ASSETCATALOG_COMPILER_APPICON_NAME = AppIcon;
				CODE_SIGN_ENTITLEMENTS = DeepThink/DeepThink.entitlements;
				COMBINE_HIDPI_IMAGES = YES;
				CURRENT_PROJECT_VERSION = 1;
				ENABLE_PREVIEWS = YES;
				GENERATE_INFOPLIST_FILE = YES;
				INFOPLIST_GENERATION_MODE = GeneratedByXcode;
				LD_RUNPATH_SEARCH_PATHS = (
					"$(inherited)",
					"@executable_path/../Frameworks",
				);
				MARKETING_VERSION = 1.0.0;
				PRODUCT_BUNDLE_IDENTIFIER = com.deepthink.app;
				PRODUCT_NAME = DeepThink;
				SDKROOT = macosx;
				SWIFT_EMIT_LOC_STRINGS = YES;
			};
			name = Release;
		};
/* End XCBuildConfiguration section */

/* Begin XCConfigurationList section */
		B73DB4CB8361BBC4E3C34317 /* Build configuration list for PBXNativeTarget "DeepThink" */ = {
			isa = XCConfigurationList;
			buildConfigurations = (
				7226E3BF978014EBC298F288 /* Debug */,
				CBA705574E845A0482DC9F38 /* Release */,
			);
			defaultConfigurationIsVisible = 0;
			defaultConfigurationName = Debug;
		};
		C853555BF174E3E2FADDB265 /* Build configuration list for PBXProject "DeepThink" */ = {
			isa = XCConfigurationList;
			buildConfigurations = (
				53696A80F8A2AD62899B9243 /* Debug */,
				03522020A68F3B2F61E67589 /* Release */,
			);
			defaultConfigurationIsVisible = 0;
			defaultConfigurationName = Debug;
		};
/* End XCConfigurationList section */

/* Begin XCRemoteSwiftPackageReference section */
		D9E28DE62413648E94F70DE7 /* XCRemoteSwiftPackageReference "SwiftTerm" */ = {
			isa = XCRemoteSwiftPackageReference;
			repositoryURL = "https://github.com/migueldeicaza/SwiftTerm";
			requirement = {
				kind = upToNextMajorVersion;
				minimumVersion = 1.2.0;
			};
		};
/* End XCRemoteSwiftPackageReference section */

/* Begin XCSwiftPackageProductDependency section */
		E797C8A819CC586D7264F4D3 /* SwiftTerm */ = {
			isa = XCSwiftPackageProductDependency;
			package = D9E28DE62413648E94F70DE7 /* XCRemoteSwiftPackageReference "SwiftTerm" */;
			productName = SwiftTerm;
		};
/* End XCSwiftPackageProductDependency section */
	};
	rootObject = 39413B08173CCB346D6A26E6 /* Project object */;
}
